
Microsoft Visual Studio Solution File, Format Version 12.00
# Visual Studio Version 17
VisualStudioVersion = 17.3.32825.248
MinimumVisualStudioVersion = 10.0.40219.1
Project("{FAE04EC0-301F-11D3-BF4B-00C04F79EFBC}") = "Reimbursement", "Reimbursement\Reimbursement.csproj", "{DBE54F67-045F-4A58-957A-2A08C584B8CF}"
EndProject
Global
	GlobalSection(SolutionConfigurationPlatforms) = preSolution
		Debug|Any CPU = Debug|Any CPU
		Release|Any CPU = Release|Any CPU
	EndGlobalSection
	GlobalSection(ProjectConfigurationPlatforms) = postSolution
		{DBE54F67-045F-4A58-957A-2A08C584B8CF}.Debug|Any CPU.ActiveCfg = Debug|Any CPU
		{DBE54F67-045F-4A58-957A-2A08C584B8CF}.Debug|Any CPU.Build.0 = Debug|Any CPU
		{DBE54F67-045F-4A58-957A-2A08C584B8CF}.Release|Any CPU.ActiveCfg = Release|Any CPU
		{DBE54F67-045F-4A58-957A-2A08C584B8CF}.Release|Any CPU.Build.0 = Release|Any CPU
	EndGlobalSection
	GlobalSection(SolutionProperties) = preSolution
		HideSolutionNode = FALSE
	EndGlobalSection
	GlobalSection(ExtensibilityGlobals) = postSolution
		SolutionGuid = {6D4284F8-586E-4A43-BA02-3E308FBC98CE}
	EndGlobalSection
EndGlobal
